{
	"name": "twig-language-support",
	"version": "1.0.1",
	"lockfileVersion": 2,
	"requires": true,
	"packages": {
		"": {
			"name": "twig-language-support",
			"version": "1.0.1",
			"license": "MIT",
			"dependencies": {
				"vscode-css-languageservice": "^5.1.9",
				"vscode-html-languageservice": "^4.2.0",
				"vscode-languageclient": "^6.1.3",
				"vscode-languageserver": "^7.0.0",
				"vscode-languageserver-textdocument": "^1.0.3"
			},
			"devDependencies": {
				"@types/node": "^12.12.0",
				"@types/vscode": "^1.43.0",
				"typescript": "^4.4.3"
			},
			"engines": {
				"node": "*",
				"vscode": "^1.43.0"
			}
		},
		"node_modules/@types/node": {
			"version": "12.20.55",
			"resolved": "https://registry.npmjs.org/@types/node/-/node-12.20.55.tgz",
			"integrity": "sha512-J8xLz7q2OFulZ2cyGTLE1TbbZcjpno7FaN6zdJNrgAdrJ+DZzh/uFR6YrTb4C+nXakvud8Q4+rbhoIWlYQbUFQ==",
			"dev": true
		},
		"node_modules/@types/vscode": {
			"version": "1.72.0",
			"resolved": "https://registry.npmjs.org/@types/vscode/-/vscode-1.72.0.tgz",
			"integrity": "sha512-WvHluhUo+lQvE3I4wUagRpnkHuysB4qSyOQUyIAS9n9PYMJjepzTUD8Jyks0YeXoPD0UGctjqp2u84/b3v6Ydw==",
			"dev": true
		},
		"node_modules/semver": {
			"version": "6.3.0",
			"resolved": "https://registry.npmjs.org/semver/-/semver-6.3.0.tgz",
			"integrity": "sha512-b39TBaTSfV6yBrapU89p5fKekE2m/NwnDocOVruQFS1/veMgdzuPcnOM34M6CwxW8jH/lxEa5rBoDeUwu5HHTw==",
			"bin": {
				"semver": "bin/semver.js"
			}
		},
		"node_modules/typescript": {
			"version": "4.8.4",
			"resolved": "https://registry.npmjs.org/typescript/-/typescript-4.8.4.tgz",
			"integrity": "sha512-QCh+85mCy+h0IGff8r5XWzOVSbBO+KfeYrMQh7NJ58QujwcE22u+NUSmUxqF+un70P9GXKxa2HCNiTTMJknyjQ==",
			"dev": true,
			"bin": {
				"tsc": "bin/tsc",
				"tsserver": "bin/tsserver"
			},
			"engines": {
				"node": ">=4.2.0"
			}
		},
		"node_modules/vscode-css-languageservice": {
			"version": "5.4.2",
			"resolved": "https://registry.npmjs.org/vscode-css-languageservice/-/vscode-css-languageservice-5.4.2.tgz",
			"integrity": "sha512-DT7+7vfdT2HDNjDoXWtYJ0lVDdeDEdbMNdK4PKqUl2MS8g7PWt7J5G9B6k9lYox8nOfhCEjLnoNC3UKHHCR1lg==",
			"dependencies": {
				"vscode-languageserver-textdocument": "^1.0.4",
				"vscode-languageserver-types": "^3.16.0",
				"vscode-nls": "^5.0.0",
				"vscode-uri": "^3.0.3"
			}
		},
		"node_modules/vscode-html-languageservice": {
			"version": "4.2.5",
			"resolved": "https://registry.npmjs.org/vscode-html-languageservice/-/vscode-html-languageservice-4.2.5.tgz",
			"integrity": "sha512-dbr10KHabB9EaK8lI0XZW7SqOsTfrNyT3Nuj0GoPi4LjGKUmMiLtsqzfedIzRTzqY+w0FiLdh0/kQrnQ0tLxrw==",
			"dependencies": {
				"vscode-languageserver-textdocument": "^1.0.4",
				"vscode-languageserver-types": "^3.16.0",
				"vscode-nls": "^5.0.0",
				"vscode-uri": "^3.0.3"
			}
		},
		"node_modules/vscode-jsonrpc": {
			"version": "5.0.1",
			"resolved": "https://registry.npmjs.org/vscode-jsonrpc/-/vscode-jsonrpc-5.0.1.tgz",
			"integrity": "sha512-JvONPptw3GAQGXlVV2utDcHx0BiY34FupW/kI6mZ5x06ER5DdPG/tXWMVHjTNULF5uKPOUUD0SaXg5QaubJL0A==",
			"engines": {
				"node": ">=8.0.0 || >=10.0.0"
			}
		},
		"node_modules/vscode-languageclient": {
			"version": "6.1.4",
			"resolved": "https://registry.npmjs.org/vscode-languageclient/-/vscode-languageclient-6.1.4.tgz",
			"integrity": "sha512-EUOU+bJu6axmt0RFNo3nrglQLPXMfanbYViJee3Fbn2VuQoX0ZOI4uTYhSRvYLP2vfwTP/juV62P/mksCdTZMA==",
			"dependencies": {
				"semver": "^6.3.0",
				"vscode-languageserver-protocol": "3.15.3"
			},
			"engines": {
				"vscode": "^1.41.0"
			}
		},
		"node_modules/vscode-languageserver": {
			"version": "7.0.0",
			"resolved": "https://registry.npmjs.org/vscode-languageserver/-/vscode-languageserver-7.0.0.tgz",
			"integrity": "sha512-60HTx5ID+fLRcgdHfmz0LDZAXYEV68fzwG0JWwEPBode9NuMYTIxuYXPg4ngO8i8+Ou0lM7y6GzaYWbiDL0drw==",
			"dependencies": {
				"vscode-languageserver-protocol": "3.16.0"
			},
			"bin": {
				"installServerIntoExtension": "bin/installServerIntoExtension"
			}
		},
		"node_modules/vscode-languageserver-protocol": {
			"version": "3.15.3",
			"resolved": "https://registry.npmjs.org/vscode-languageserver-protocol/-/vscode-languageserver-protocol-3.15.3.tgz",
			"integrity": "sha512-zrMuwHOAQRhjDSnflWdJG+O2ztMWss8GqUUB8dXLR/FPenwkiBNkMIJJYfSN6sgskvsF0rHAoBowNQfbyZnnvw==",
			"dependencies": {
				"vscode-jsonrpc": "^5.0.1",
				"vscode-languageserver-types": "3.15.1"
			}
		},
		"node_modules/vscode-languageserver-protocol/node_modules/vscode-languageserver-types": {
			"version": "3.15.1",
			"resolved": "https://registry.npmjs.org/vscode-languageserver-types/-/vscode-languageserver-types-3.15.1.tgz",
			"integrity": "sha512-+a9MPUQrNGRrGU630OGbYVQ+11iOIovjCkqxajPa9w57Sd5ruK8WQNsslzpa0x/QJqC8kRc2DUxWjIFwoNm4ZQ=="
		},
		"node_modules/vscode-languageserver-textdocument": {
			"version": "1.0.7",
			"resolved": "https://registry.npmjs.org/vscode-languageserver-textdocument/-/vscode-languageserver-textdocument-1.0.7.tgz",
			"integrity": "sha512-bFJH7UQxlXT8kKeyiyu41r22jCZXG8kuuVVA33OEJn1diWOZK5n8zBSPZFHVBOu8kXZ6h0LIRhf5UnCo61J4Hg=="
		},
		"node_modules/vscode-languageserver-types": {
			"version": "3.17.2",
			"resolved": "https://registry.npmjs.org/vscode-languageserver-types/-/vscode-languageserver-types-3.17.2.tgz",
			"integrity": "sha512-zHhCWatviizPIq9B7Vh9uvrH6x3sK8itC84HkamnBWoDFJtzBf7SWlpLCZUit72b3os45h6RWQNC9xHRDF8dRA=="
		},
		"node_modules/vscode-languageserver/node_modules/vscode-jsonrpc": {
			"version": "6.0.0",
			"resolved": "https://registry.npmjs.org/vscode-jsonrpc/-/vscode-jsonrpc-6.0.0.tgz",
			"integrity": "sha512-wnJA4BnEjOSyFMvjZdpiOwhSq9uDoK8e/kpRJDTaMYzwlkrhG1fwDIZI94CLsLzlCK5cIbMMtFlJlfR57Lavmg==",
			"engines": {
				"node": ">=8.0.0 || >=10.0.0"
			}
		},
		"node_modules/vscode-languageserver/node_modules/vscode-languageserver-protocol": {
			"version": "3.16.0",
			"resolved": "https://registry.npmjs.org/vscode-languageserver-protocol/-/vscode-languageserver-protocol-3.16.0.tgz",
			"integrity": "sha512-sdeUoAawceQdgIfTI+sdcwkiK2KU+2cbEYA0agzM2uqaUy2UpnnGHtWTHVEtS0ES4zHU0eMFRGN+oQgDxlD66A==",
			"dependencies": {
				"vscode-jsonrpc": "6.0.0",
				"vscode-languageserver-types": "3.16.0"
			}
		},
		"node_modules/vscode-languageserver/node_modules/vscode-languageserver-types": {
			"version": "3.16.0",
			"resolved": "https://registry.npmjs.org/vscode-languageserver-types/-/vscode-languageserver-types-3.16.0.tgz",
			"integrity": "sha512-k8luDIWJWyenLc5ToFQQMaSrqCHiLwyKPHKPQZ5zz21vM+vIVUSvsRpcbiECH4WR88K2XZqc4ScRcZ7nk/jbeA=="
		},
		"node_modules/vscode-nls": {
			"version": "5.2.0",
			"resolved": "https://registry.npmjs.org/vscode-nls/-/vscode-nls-5.2.0.tgz",
			"integrity": "sha512-RAaHx7B14ZU04EU31pT+rKz2/zSl7xMsfIZuo8pd+KZO6PXtQmpevpq3vxvWNcrGbdmhM/rr5Uw5Mz+NBfhVng=="
		},
		"node_modules/vscode-uri": {
			"version": "3.0.6",
			"resolved": "https://registry.npmjs.org/vscode-uri/-/vscode-uri-3.0.6.tgz",
			"integrity": "sha512-fmL7V1eiDBFRRnu+gfRWTzyPpNIHJTc4mWnFkwBUmO9U3KPgJAmTx7oxi2bl/Rh6HLdU7+4C9wlj0k2E4AdKFQ=="
		}
	},
	"dependencies": {
		"@types/node": {
			"version": "12.20.55",
			"resolved": "https://registry.npmjs.org/@types/node/-/node-12.20.55.tgz",
			"integrity": "sha512-J8xLz7q2OFulZ2cyGTLE1TbbZcjpno7FaN6zdJNrgAdrJ+DZzh/uFR6YrTb4C+nXakvud8Q4+rbhoIWlYQbUFQ==",
			"dev": true
		},
		"@types/vscode": {
			"version": "1.72.0",
			"resolved": "https://registry.npmjs.org/@types/vscode/-/vscode-1.72.0.tgz",
			"integrity": "sha512-WvHluhUo+lQvE3I4wUagRpnkHuysB4qSyOQUyIAS9n9PYMJjepzTUD8Jyks0YeXoPD0UGctjqp2u84/b3v6Ydw==",
			"dev": true
		},
		"semver": {
			"version": "6.3.0",
			"resolved": "https://registry.npmjs.org/semver/-/semver-6.3.0.tgz",
			"integrity": "sha512-b39TBaTSfV6yBrapU89p5fKekE2m/NwnDocOVruQFS1/veMgdzuPcnOM34M6CwxW8jH/lxEa5rBoDeUwu5HHTw=="
		},
		"typescript": {
			"version": "4.8.4",
			"resolved": "https://registry.npmjs.org/typescript/-/typescript-4.8.4.tgz",
			"integrity": "sha512-QCh+85mCy+h0IGff8r5XWzOVSbBO+KfeYrMQh7NJ58QujwcE22u+NUSmUxqF+un70P9GXKxa2HCNiTTMJknyjQ==",
			"dev": true
		},
		"vscode-css-languageservice": {
			"version": "5.4.2",
			"resolved": "https://registry.npmjs.org/vscode-css-languageservice/-/vscode-css-languageservice-5.4.2.tgz",
			"integrity": "sha512-DT7+7vfdT2HDNjDoXWtYJ0lVDdeDEdbMNdK4PKqUl2MS8g7PWt7J5G9B6k9lYox8nOfhCEjLnoNC3UKHHCR1lg==",
			"requires": {
				"vscode-languageserver-textdocument": "^1.0.4",
				"vscode-languageserver-types": "^3.16.0",
				"vscode-nls": "^5.0.0",
				"vscode-uri": "^3.0.3"
			}
		},
		"vscode-html-languageservice": {
			"version": "4.2.5",
			"resolved": "https://registry.npmjs.org/vscode-html-languageservice/-/vscode-html-languageservice-4.2.5.tgz",
			"integrity": "sha512-dbr10KHabB9EaK8lI0XZW7SqOsTfrNyT3Nuj0GoPi4LjGKUmMiLtsqzfedIzRTzqY+w0FiLdh0/kQrnQ0tLxrw==",
			"requires": {
				"vscode-languageserver-textdocument": "^1.0.4",
				"vscode-languageserver-types": "^3.16.0",
				"vscode-nls": "^5.0.0",
				"vscode-uri": "^3.0.3"
			}
		},
		"vscode-jsonrpc": {
			"version": "5.0.1",
			"resolved": "https://registry.npmjs.org/vscode-jsonrpc/-/vscode-jsonrpc-5.0.1.tgz",
			"integrity": "sha512-JvONPptw3GAQGXlVV2utDcHx0BiY34FupW/kI6mZ5x06ER5DdPG/tXWMVHjTNULF5uKPOUUD0SaXg5QaubJL0A=="
		},
		"vscode-languageclient": {
			"version": "6.1.4",
			"resolved": "https://registry.npmjs.org/vscode-languageclient/-/vscode-languageclient-6.1.4.tgz",
			"integrity": "sha512-EUOU+bJu6axmt0RFNo3nrglQLPXMfanbYViJee3Fbn2VuQoX0ZOI4uTYhSRvYLP2vfwTP/juV62P/mksCdTZMA==",
			"requires": {
				"semver": "^6.3.0",
				"vscode-languageserver-protocol": "3.15.3"
			}
		},
		"vscode-languageserver": {
			"version": "7.0.0",
			"resolved": "https://registry.npmjs.org/vscode-languageserver/-/vscode-languageserver-7.0.0.tgz",
			"integrity": "sha512-60HTx5ID+fLRcgdHfmz0LDZAXYEV68fzwG0JWwEPBode9NuMYTIxuYXPg4ngO8i8+Ou0lM7y6GzaYWbiDL0drw==",
			"requires": {
				"vscode-languageserver-protocol": "3.16.0"
			},
			"dependencies": {
				"vscode-jsonrpc": {
					"version": "6.0.0",
					"resolved": "https://registry.npmjs.org/vscode-jsonrpc/-/vscode-jsonrpc-6.0.0.tgz",
					"integrity": "sha512-wnJA4BnEjOSyFMvjZdpiOwhSq9uDoK8e/kpRJDTaMYzwlkrhG1fwDIZI94CLsLzlCK5cIbMMtFlJlfR57Lavmg=="
				},
				"vscode-languageserver-protocol": {
					"version": "3.16.0",
					"resolved": "https://registry.npmjs.org/vscode-languageserver-protocol/-/vscode-languageserver-protocol-3.16.0.tgz",
					"integrity": "sha512-sdeUoAawceQdgIfTI+sdcwkiK2KU+2cbEYA0agzM2uqaUy2UpnnGHtWTHVEtS0ES4zHU0eMFRGN+oQgDxlD66A==",
					"requires": {
						"vscode-jsonrpc": "6.0.0",
						"vscode-languageserver-types": "3.16.0"
					}
				},
				"vscode-languageserver-types": {
					"version": "3.16.0",
					"resolved": "https://registry.npmjs.org/vscode-languageserver-types/-/vscode-languageserver-types-3.16.0.tgz",
					"integrity": "sha512-k8luDIWJWyenLc5ToFQQMaSrqCHiLwyKPHKPQZ5zz21vM+vIVUSvsRpcbiECH4WR88K2XZqc4ScRcZ7nk/jbeA=="
				}
			}
		},
		"vscode-languageserver-protocol": {
			"version": "3.15.3",
			"resolved": "https://registry.npmjs.org/vscode-languageserver-protocol/-/vscode-languageserver-protocol-3.15.3.tgz",
			"integrity": "sha512-zrMuwHOAQRhjDSnflWdJG+O2ztMWss8GqUUB8dXLR/FPenwkiBNkMIJJYfSN6sgskvsF0rHAoBowNQfbyZnnvw==",
			"requires": {
				"vscode-jsonrpc": "^5.0.1",
				"vscode-languageserver-types": "3.15.1"
			},
			"dependencies": {
				"vscode-languageserver-types": {
					"version": "3.15.1",
					"resolved": "https://registry.npmjs.org/vscode-languageserver-types/-/vscode-languageserver-types-3.15.1.tgz",
					"integrity": "sha512-+a9MPUQrNGRrGU630OGbYVQ+11iOIovjCkqxajPa9w57Sd5ruK8WQNsslzpa0x/QJqC8kRc2DUxWjIFwoNm4ZQ=="
				}
			}
		},
		"vscode-languageserver-textdocument": {
			"version": "1.0.7",
			"resolved": "https://registry.npmjs.org/vscode-languageserver-textdocument/-/vscode-languageserver-textdocument-1.0.7.tgz",
			"integrity": "sha512-bFJH7UQxlXT8kKeyiyu41r22jCZXG8kuuVVA33OEJn1diWOZK5n8zBSPZFHVBOu8kXZ6h0LIRhf5UnCo61J4Hg=="
		},
		"vscode-languageserver-types": {
			"version": "3.17.2",
			"resolved": "https://registry.npmjs.org/vscode-languageserver-types/-/vscode-languageserver-types-3.17.2.tgz",
			"integrity": "sha512-zHhCWatviizPIq9B7Vh9uvrH6x3sK8itC84HkamnBWoDFJtzBf7SWlpLCZUit72b3os45h6RWQNC9xHRDF8dRA=="
		},
		"vscode-nls": {
			"version": "5.2.0",
			"resolved": "https://registry.npmjs.org/vscode-nls/-/vscode-nls-5.2.0.tgz",
			"integrity": "sha512-RAaHx7B14ZU04EU31pT+rKz2/zSl7xMsfIZuo8pd+KZO6PXtQmpevpq3vxvWNcrGbdmhM/rr5Uw5Mz+NBfhVng=="
		},
		"vscode-uri": {
			"version": "3.0.6",
			"resolved": "https://registry.npmjs.org/vscode-uri/-/vscode-uri-3.0.6.tgz",
			"integrity": "sha512-fmL7V1eiDBFRRnu+gfRWTzyPpNIHJTc4mWnFkwBUmO9U3KPgJAmTx7oxi2bl/Rh6HLdU7+4C9wlj0k2E4AdKFQ=="
		}
	}
}
